
Microsoft Visual Studio Solution File, Format Version 11.00
# Visual Studio 2010
Project("{FAE04EC0-301F-11D3-BF4B-00C04F79EFBC}") = "WorksOnMono", "Wom\WorksOnMono.csproj", "{1D346135-6623-4C20-A470-8FAD317EF1C7}"
EndProject
Project("{FAE04EC0-301F-11D3-BF4B-00C04F79EFBC}") = "WorksOnMono.Tests", "WorksOnMono.Tests\WorksOnMono.Tests.csproj", "{F3F25F81-49B1-4E93-9933-6ACC32869E6B}"
EndProject
Global
	GlobalSection(SolutionConfigurationPlatforms) = preSolution
		Debug|Any CPU = Debug|Any CPU
		Release|Any CPU = Release|Any CPU
	EndGlobalSection
	GlobalSection(ProjectConfigurationPlatforms) = postSolution
		{1D346135-6623-4C20-A470-8FAD317EF1C7}.Debug|Any CPU.ActiveCfg = Debug|Any CPU
		{1D346135-6623-4C20-A470-8FAD317EF1C7}.Debug|Any CPU.Build.0 = Debug|Any CPU
		{1D346135-6623-4C20-A470-8FAD317EF1C7}.Release|Any CPU.ActiveCfg = Release|Any CPU
		{1D346135-6623-4C20-A470-8FAD317EF1C7}.Release|Any CPU.Build.0 = Release|Any CPU
		{F3F25F81-49B1-4E93-9933-6ACC32869E6B}.Debug|Any CPU.ActiveCfg = Debug|Any CPU
		{F3F25F81-49B1-4E93-9933-6ACC32869E6B}.Debug|Any CPU.Build.0 = Debug|Any CPU
		{F3F25F81-49B1-4E93-9933-6ACC32869E6B}.Release|Any CPU.ActiveCfg = Release|Any CPU
		{F3F25F81-49B1-4E93-9933-6ACC32869E6B}.Release|Any CPU.Build.0 = Release|Any CPU
	EndGlobalSection
	GlobalSection(SolutionProperties) = preSolution
		HideSolutionNode = FALSE
	EndGlobalSection
EndGlobal
